
Microsoft Visual Studio Solution File, Format Version 12.00
# Visual Studio Version 17
VisualStudioVersion = 17.4.33122.133
MinimumVisualStudioVersion = 10.0.40219.1
Project("{FAE04EC0-301F-11D3-BF4B-00C04F79EFBC}") = "ConsoleApp5", "ConsoleApp5\ConsoleApp5.csproj", "{0DC94068-86F3-46CA-9D48-E82FCA40BE20}"
EndProject
Global
	GlobalSection(SolutionConfigurationPlatforms) = preSolution
		Debug|Any CPU = Debug|Any CPU
		Release|Any CPU = Release|Any CPU
	EndGlobalSection
	GlobalSection(ProjectConfigurationPlatforms) = postSolution
		{0DC94068-86F3-46CA-9D48-E82FCA40BE20}.Debug|Any CPU.ActiveCfg = Debug|Any CPU
		{0DC94068-86F3-46CA-9D48-E82FCA40BE20}.Debug|Any CPU.Build.0 = Debug|Any CPU
		{0DC94068-86F3-46CA-9D48-E82FCA40BE20}.Release|Any CPU.ActiveCfg = Release|Any CPU
		{0DC94068-86F3-46CA-9D48-E82FCA40BE20}.Release|Any CPU.Build.0 = Release|Any CPU
	EndGlobalSection
	GlobalSection(SolutionProperties) = preSolution
		HideSolutionNode = FALSE
	EndGlobalSection
	GlobalSection(ExtensibilityGlobals) = postSolution
		SolutionGuid = {577BC451-D976-47E4-92F3-B99DB748766F}
	EndGlobalSection
EndGlobal
