
Microsoft Visual Studio Solution File, Format Version 12.00
# Visual Studio Version 17
VisualStudioVersion = 17.4.33122.133
MinimumVisualStudioVersion = 10.0.40219.1
Project("{FAE04EC0-301F-11D3-BF4B-00C04F79EFBC}") = "ConsoleApp3", "ConsoleApp3\ConsoleApp3.csproj", "{D7929170-71C3-451D-BB70-C608A06809BB}"
EndProject
Global
	GlobalSection(SolutionConfigurationPlatforms) = preSolution
		Debug|Any CPU = Debug|Any CPU
		Release|Any CPU = Release|Any CPU
	EndGlobalSection
	GlobalSection(ProjectConfigurationPlatforms) = postSolution
		{D7929170-71C3-451D-BB70-C608A06809BB}.Debug|Any CPU.ActiveCfg = Debug|Any CPU
		{D7929170-71C3-451D-BB70-C608A06809BB}.Debug|Any CPU.Build.0 = Debug|Any CPU
		{D7929170-71C3-451D-BB70-C608A06809BB}.Release|Any CPU.ActiveCfg = Release|Any CPU
		{D7929170-71C3-451D-BB70-C608A06809BB}.Release|Any CPU.Build.0 = Release|Any CPU
	EndGlobalSection
	GlobalSection(SolutionProperties) = preSolution
		HideSolutionNode = FALSE
	EndGlobalSection
	GlobalSection(ExtensibilityGlobals) = postSolution
		SolutionGuid = {232728B7-DE2F-447C-ABED-978E866296F0}
	EndGlobalSection
EndGlobal
