
Microsoft Visual Studio Solution File, Format Version 12.00
# Visual Studio Version 17
VisualStudioVersion = 17.4.33213.308
MinimumVisualStudioVersion = 10.0.40219.1
Project("{FAE04EC0-301F-11D3-BF4B-00C04F79EFBC}") = "002_WorkingProperties", "002_WorkingProperties\002_WorkingProperties.csproj", "{933CB812-7D0C-4BAC-AFAF-482FB44B229B}"
EndProject
Global
	GlobalSection(SolutionConfigurationPlatforms) = preSolution
		Debug|Any CPU = Debug|Any CPU
		Release|Any CPU = Release|Any CPU
	EndGlobalSection
	GlobalSection(ProjectConfigurationPlatforms) = postSolution
		{933CB812-7D0C-4BAC-AFAF-482FB44B229B}.Debug|Any CPU.ActiveCfg = Debug|Any CPU
		{933CB812-7D0C-4BAC-AFAF-482FB44B229B}.Debug|Any CPU.Build.0 = Debug|Any CPU
		{933CB812-7D0C-4BAC-AFAF-482FB44B229B}.Release|Any CPU.ActiveCfg = Release|Any CPU
		{933CB812-7D0C-4BAC-AFAF-482FB44B229B}.Release|Any CPU.Build.0 = Release|Any CPU
	EndGlobalSection
	GlobalSection(SolutionProperties) = preSolution
		HideSolutionNode = FALSE
	EndGlobalSection
	GlobalSection(ExtensibilityGlobals) = postSolution
		SolutionGuid = {690344E5-376A-4AFB-9A0C-14875D055375}
	EndGlobalSection
EndGlobal
