
Microsoft Visual Studio Solution File, Format Version 12.00
# Visual Studio Version 17
VisualStudioVersion = 17.4.33122.133
MinimumVisualStudioVersion = 10.0.40219.1
Project("{FAE04EC0-301F-11D3-BF4B-00C04F79EFBC}") = "006_SortingNumbers", "006_SortingNumbers\006_SortingNumbers.csproj", "{92411E77-7BA0-40ED-98EE-C9D6088E6416}"
EndProject
Global
	GlobalSection(SolutionConfigurationPlatforms) = preSolution
		Debug|Any CPU = Debug|Any CPU
		Release|Any CPU = Release|Any CPU
	EndGlobalSection
	GlobalSection(ProjectConfigurationPlatforms) = postSolution
		{92411E77-7BA0-40ED-98EE-C9D6088E6416}.Debug|Any CPU.ActiveCfg = Debug|Any CPU
		{92411E77-7BA0-40ED-98EE-C9D6088E6416}.Debug|Any CPU.Build.0 = Debug|Any CPU
		{92411E77-7BA0-40ED-98EE-C9D6088E6416}.Release|Any CPU.ActiveCfg = Release|Any CPU
		{92411E77-7BA0-40ED-98EE-C9D6088E6416}.Release|Any CPU.Build.0 = Release|Any CPU
	EndGlobalSection
	GlobalSection(SolutionProperties) = preSolution
		HideSolutionNode = FALSE
	EndGlobalSection
	GlobalSection(ExtensibilityGlobals) = postSolution
		SolutionGuid = {F207D08E-D9C5-4F4F-9613-A6C9167B2B5A}
	EndGlobalSection
EndGlobal
