
Microsoft Visual Studio Solution File, Format Version 12.00
# Visual Studio Version 17
VisualStudioVersion = 17.4.33122.133
MinimumVisualStudioVersion = 10.0.40219.1
Project("{FAE04EC0-301F-11D3-BF4B-00C04F79EFBC}") = "001_ExplanatoryDictionary", "001_ExplanatoryDictionary\001_ExplanatoryDictionary.csproj", "{E71F85FC-65B4-4C7F-80B9-E3742E26481D}"
EndProject
Global
	GlobalSection(SolutionConfigurationPlatforms) = preSolution
		Debug|Any CPU = Debug|Any CPU
		Release|Any CPU = Release|Any CPU
	EndGlobalSection
	GlobalSection(ProjectConfigurationPlatforms) = postSolution
		{E71F85FC-65B4-4C7F-80B9-E3742E26481D}.Debug|Any CPU.ActiveCfg = Debug|Any CPU
		{E71F85FC-65B4-4C7F-80B9-E3742E26481D}.Debug|Any CPU.Build.0 = Debug|Any CPU
		{E71F85FC-65B4-4C7F-80B9-E3742E26481D}.Release|Any CPU.ActiveCfg = Release|Any CPU
		{E71F85FC-65B4-4C7F-80B9-E3742E26481D}.Release|Any CPU.Build.0 = Release|Any CPU
	EndGlobalSection
	GlobalSection(SolutionProperties) = preSolution
		HideSolutionNode = FALSE
	EndGlobalSection
	GlobalSection(ExtensibilityGlobals) = postSolution
		SolutionGuid = {DDAEB39D-B34A-4A31-B855-B17B0A7F8D18}
	EndGlobalSection
EndGlobal
