
Microsoft Visual Studio Solution File, Format Version 12.00
# Visual Studio Version 17
VisualStudioVersion = 17.4.33122.133
MinimumVisualStudioVersion = 10.0.40219.1
Project("{FAE04EC0-301F-11D3-BF4B-00C04F79EFBC}") = "002_QueueStore", "002_QueueStore\002_QueueStore.csproj", "{B5E25FC1-0D78-4523-823B-19A80A123C34}"
EndProject
Global
	GlobalSection(SolutionConfigurationPlatforms) = preSolution
		Debug|Any CPU = Debug|Any CPU
		Release|Any CPU = Release|Any CPU
	EndGlobalSection
	GlobalSection(ProjectConfigurationPlatforms) = postSolution
		{B5E25FC1-0D78-4523-823B-19A80A123C34}.Debug|Any CPU.ActiveCfg = Debug|Any CPU
		{B5E25FC1-0D78-4523-823B-19A80A123C34}.Debug|Any CPU.Build.0 = Debug|Any CPU
		{B5E25FC1-0D78-4523-823B-19A80A123C34}.Release|Any CPU.ActiveCfg = Release|Any CPU
		{B5E25FC1-0D78-4523-823B-19A80A123C34}.Release|Any CPU.Build.0 = Release|Any CPU
	EndGlobalSection
	GlobalSection(SolutionProperties) = preSolution
		HideSolutionNode = FALSE
	EndGlobalSection
	GlobalSection(ExtensibilityGlobals) = postSolution
		SolutionGuid = {F5DE4B6E-B8A4-465E-A217-6D571E8AF932}
	EndGlobalSection
EndGlobal
