
Microsoft Visual Studio Solution File, Format Version 12.00
# Visual Studio Version 17
VisualStudioVersion = 17.4.33103.184
MinimumVisualStudioVersion = 10.0.40219.1
Project("{FAE04EC0-301F-11D3-BF4B-00C04F79EFBC}") = "005_MergingCollection", "005_MergingCollection\005_MergingCollection.csproj", "{440F215E-0BDD-4239-A5CF-DED18B51963C}"
EndProject
Global
	GlobalSection(SolutionConfigurationPlatforms) = preSolution
		Debug|Any CPU = Debug|Any CPU
		Release|Any CPU = Release|Any CPU
	EndGlobalSection
	GlobalSection(ProjectConfigurationPlatforms) = postSolution
		{440F215E-0BDD-4239-A5CF-DED18B51963C}.Debug|Any CPU.ActiveCfg = Debug|Any CPU
		{440F215E-0BDD-4239-A5CF-DED18B51963C}.Debug|Any CPU.Build.0 = Debug|Any CPU
		{440F215E-0BDD-4239-A5CF-DED18B51963C}.Release|Any CPU.ActiveCfg = Release|Any CPU
		{440F215E-0BDD-4239-A5CF-DED18B51963C}.Release|Any CPU.Build.0 = Release|Any CPU
	EndGlobalSection
	GlobalSection(SolutionProperties) = preSolution
		HideSolutionNode = FALSE
	EndGlobalSection
	GlobalSection(ExtensibilityGlobals) = postSolution
		SolutionGuid = {48823BA5-556B-4C9A-ACA9-AB13FD8E7F85}
	EndGlobalSection
EndGlobal
