
Microsoft Visual Studio Solution File, Format Version 12.00
# Visual Studio Version 17
VisualStudioVersion = 17.4.33213.308
MinimumVisualStudioVersion = 10.0.40219.1
Project("{FAE04EC0-301F-11D3-BF4B-00C04F79EFBC}") = "005_MergingCollection", "005_MergingCollection\005_MergingCollection.csproj", "{B277F201-AF90-44BF-A3D0-B0D65D5B550D}"
EndProject
Global
	GlobalSection(SolutionConfigurationPlatforms) = preSolution
		Debug|Any CPU = Debug|Any CPU
		Release|Any CPU = Release|Any CPU
	EndGlobalSection
	GlobalSection(ProjectConfigurationPlatforms) = postSolution
		{B277F201-AF90-44BF-A3D0-B0D65D5B550D}.Debug|Any CPU.ActiveCfg = Debug|Any CPU
		{B277F201-AF90-44BF-A3D0-B0D65D5B550D}.Debug|Any CPU.Build.0 = Debug|Any CPU
		{B277F201-AF90-44BF-A3D0-B0D65D5B550D}.Release|Any CPU.ActiveCfg = Release|Any CPU
		{B277F201-AF90-44BF-A3D0-B0D65D5B550D}.Release|Any CPU.Build.0 = Release|Any CPU
	EndGlobalSection
	GlobalSection(SolutionProperties) = preSolution
		HideSolutionNode = FALSE
	EndGlobalSection
	GlobalSection(ExtensibilityGlobals) = postSolution
		SolutionGuid = {81046BAF-30C9-4583-802E-C9A4B609EDE9}
	EndGlobalSection
EndGlobal
