
Microsoft Visual Studio Solution File, Format Version 12.00
# Visual Studio Version 17
VisualStudioVersion = 17.4.33122.133
MinimumVisualStudioVersion = 10.0.40219.1
Project("{FAE04EC0-301F-11D3-BF4B-00C04F79EFBC}") = "005_SubarrayRepetitionsOfNumbers", "005_SubarrayRepetitionsOfNumbers\005_SubarrayRepetitionsOfNumbers.csproj", "{201CEE46-5D74-4736-96E2-596314A9343A}"
EndProject
Global
	GlobalSection(SolutionConfigurationPlatforms) = preSolution
		Debug|Any CPU = Debug|Any CPU
		Release|Any CPU = Release|Any CPU
	EndGlobalSection
	GlobalSection(ProjectConfigurationPlatforms) = postSolution
		{201CEE46-5D74-4736-96E2-596314A9343A}.Debug|Any CPU.ActiveCfg = Debug|Any CPU
		{201CEE46-5D74-4736-96E2-596314A9343A}.Debug|Any CPU.Build.0 = Debug|Any CPU
		{201CEE46-5D74-4736-96E2-596314A9343A}.Release|Any CPU.ActiveCfg = Release|Any CPU
		{201CEE46-5D74-4736-96E2-596314A9343A}.Release|Any CPU.Build.0 = Release|Any CPU
	EndGlobalSection
	GlobalSection(SolutionProperties) = preSolution
		HideSolutionNode = FALSE
	EndGlobalSection
	GlobalSection(ExtensibilityGlobals) = postSolution
		SolutionGuid = {C67F2201-76B4-43AC-B315-44B6DA024EFA}
	EndGlobalSection
EndGlobal
